# This file was autogenerated by Stack.
# You should not edit this file by hand.
# For more information, please see the documentation at:
#   https://docs.haskellstack.org/en/stable/lock_files

packages:
- completed:
    cabal-file:
      size: 3718
      sha256: c6f5d0562abead84eded76a03a260359a3699a4f11c0e3a6a71b85b477fdbaf8
    name: direct-sqlite
    version: 2.3.26
    git: https://github.com/sebeaumont/direct-sqlite.git
    pantry-tree:
      size: 1090
      sha256: abb530a6c0731c372f408faa85abae7a63b44e7dd8e5d440ec7f48f24a56c6c9
    commit: ca4762576cb331bba212660e61f44643c435f890
  original:
    git: https://github.com/sebeaumont/direct-sqlite.git
    commit: ca4762576cb331bba212660e61f44643c435f890
- completed:
    cabal-file:
      size: 2938
      sha256: b62e27f6d6e9299f46be99bca47442e8aef04ab98b201cd568c3c04c6831202b
    name: sqlite-simple
    version: 0.4.16.0
    git: https://github.com/sebeaumont/sqlite-simple.git
    pantry-tree:
      size: 1995
      sha256: 68fbe4f81c18a799f6c3aaee66eafc35a66dc8209cba3243d112832b678b44a4
    commit: 733fcecc5dd9336baa1f6a072c11375b1b61165c
  original:
    git: https://github.com/sebeaumont/sqlite-simple.git
    commit: 733fcecc5dd9336baa1f6a072c11375b1b61165c
snapshots:
- completed:
    size: 334850
    url: https://raw.githubusercontent.com/commercialhaskell/stackage-snapshots/master/nightly/2019/9/30.yaml
    sha256: b43e27043ae66fda85af6ac9e555f43208530a2e6475289e88e74167988eff89
  original: nightly-2019-09-30
