# This file was autogenerated by Stack.
# You should not edit this file by hand.
# For more information, please see the documentation at:
#   https://docs.haskellstack.org/en/stable/lock_files

packages:
- completed:
    cabal-file:
      size: 3718
      sha256: 34fdbb2ffb165e4a4ff0384f7b89f630bf41f555c1701821049fcc207b76205c
    name: direct-sqlite
    version: 2.3.25
    git: https://github.com/sebeaumont/direct-sqlite.git
    pantry-tree:
      size: 1090
      sha256: 751a38ac7db247d96753d0d43bdef57c38e07795c71414126ccf165acc4fd38d
    commit: 36f3a7aa87c538a888a22d0077314fa0996ed44d
  original:
    git: https://github.com/sebeaumont/direct-sqlite.git
    commit: 36f3a7aa87c538a888a22d0077314fa0996ed44d
- completed:
    cabal-file:
      size: 2938
      sha256: b62e27f6d6e9299f46be99bca47442e8aef04ab98b201cd568c3c04c6831202b
    name: sqlite-simple
    version: 0.4.16.0
    git: https://github.com/sebeaumont/sqlite-simple.git
    pantry-tree:
      size: 1995
      sha256: 68fbe4f81c18a799f6c3aaee66eafc35a66dc8209cba3243d112832b678b44a4
    commit: 733fcecc5dd9336baa1f6a072c11375b1b61165c
  original:
    git: https://github.com/sebeaumont/sqlite-simple.git
    commit: 733fcecc5dd9336baa1f6a072c11375b1b61165c
snapshots:
- completed:
    size: 334850
    url: https://raw.githubusercontent.com/commercialhaskell/stackage-snapshots/master/nightly/2019/9/30.yaml
    sha256: b43e27043ae66fda85af6ac9e555f43208530a2e6475289e88e74167988eff89
  original: nightly-2019-09-30
